
Microsoft Visual Studio Solution File, Format Version 12.00
# Visual Studio Version 16
VisualStudioVersion = 16.0.32929.386
MinimumVisualStudioVersion = 10.0.40219.1
Project("{FAE04EC0-301F-11D3-BF4B-00C04F79EFBC}") = "RetailStorePrj", "RetailStore\RetailStorePrj.csproj", "{81CEDCF3-5EA4-4C05-B82A-39C7F768EAA8}"
EndProject
Global
	GlobalSection(SolutionConfigurationPlatforms) = preSolution
		Debug|Any CPU = Debug|Any CPU
		Release|Any CPU = Release|Any CPU
	EndGlobalSection
	GlobalSection(ProjectConfigurationPlatforms) = postSolution
		{81CEDCF3-5EA4-4C05-B82A-39C7F768EAA8}.Debug|Any CPU.ActiveCfg = Debug|Any CPU
		{81CEDCF3-5EA4-4C05-B82A-39C7F768EAA8}.Debug|Any CPU.Build.0 = Debug|Any CPU
		{81CEDCF3-5EA4-4C05-B82A-39C7F768EAA8}.Release|Any CPU.ActiveCfg = Release|Any CPU
		{81CEDCF3-5EA4-4C05-B82A-39C7F768EAA8}.Release|Any CPU.Build.0 = Release|Any CPU
	EndGlobalSection
	GlobalSection(SolutionProperties) = preSolution
		HideSolutionNode = FALSE
	EndGlobalSection
	GlobalSection(ExtensibilityGlobals) = postSolution
		SolutionGuid = {9224D240-6E12-4DBB-BD72-0799C41EFC33}
	EndGlobalSection
EndGlobal
